
Microsoft Visual Studio Solution File, Format Version 12.00
# Visual Studio Version 17
VisualStudioVersion = 17.13.35931.197 d17.13
MinimumVisualStudioVersion = 10.0.40219.1
Project("{FAE04EC0-301F-11D3-BF4B-00C04F79EFBC}") = "KigLand.Labeller", "KigLand.Labeller\KigLand.Labeller.csproj", "{AD38AF7C-36A6-4F21-84C1-50F39E298D5B}"
EndProject
Global
	GlobalSection(SolutionConfigurationPlatforms) = preSolution
		Debug|Any CPU = Debug|Any CPU
		Release|Any CPU = Release|Any CPU
	EndGlobalSection
	GlobalSection(ProjectConfigurationPlatforms) = postSolution
		{AD38AF7C-36A6-4F21-84C1-50F39E298D5B}.Debug|Any CPU.ActiveCfg = Debug|Any CPU
		{AD38AF7C-36A6-4F21-84C1-50F39E298D5B}.Debug|Any CPU.Build.0 = Debug|Any CPU
		{AD38AF7C-36A6-4F21-84C1-50F39E298D5B}.Release|Any CPU.ActiveCfg = Release|Any CPU
		{AD38AF7C-36A6-4F21-84C1-50F39E298D5B}.Release|Any CPU.Build.0 = Release|Any CPU
	EndGlobalSection
	GlobalSection(SolutionProperties) = preSolution
		HideSolutionNode = FALSE
	EndGlobalSection
	GlobalSection(ExtensibilityGlobals) = postSolution
		SolutionGuid = {CF89062A-85C8-447F-B8CF-88C68354965B}
	EndGlobalSection
EndGlobal
